
Microsoft Visual Studio Solution File, Format Version 12.00
# Visual Studio Version 17
VisualStudioVersion = 17.7.34221.43
MinimumVisualStudioVersion = 10.0.40219.1
Project("{FAE04EC0-301F-11D3-BF4B-00C04F79EFBC}") = "DegerVeReferans", "DegerVeReferans\DegerVeReferans.csproj", "{156AAEE9-1C51-41AC-AF58-23C00FA8CC46}"
EndProject
Global
	GlobalSection(SolutionConfigurationPlatforms) = preSolution
		Debug|Any CPU = Debug|Any CPU
		Release|Any CPU = Release|Any CPU
	EndGlobalSection
	GlobalSection(ProjectConfigurationPlatforms) = postSolution
		{156AAEE9-1C51-41AC-AF58-23C00FA8CC46}.Debug|Any CPU.ActiveCfg = Debug|Any CPU
		{156AAEE9-1C51-41AC-AF58-23C00FA8CC46}.Debug|Any CPU.Build.0 = Debug|Any CPU
		{156AAEE9-1C51-41AC-AF58-23C00FA8CC46}.Release|Any CPU.ActiveCfg = Release|Any CPU
		{156AAEE9-1C51-41AC-AF58-23C00FA8CC46}.Release|Any CPU.Build.0 = Release|Any CPU
	EndGlobalSection
	GlobalSection(SolutionProperties) = preSolution
		HideSolutionNode = FALSE
	EndGlobalSection
	GlobalSection(ExtensibilityGlobals) = postSolution
		SolutionGuid = {3E848D60-E673-457D-B3EF-58C96BD6AC84}
	EndGlobalSection
EndGlobal
